
Microsoft Visual Studio Solution File, Format Version 12.00
# Visual Studio 15
VisualStudioVersion = 15.0.27428.2037
MinimumVisualStudioVersion = 10.0.40219.1
Project("{9A19103F-16F7-4668-BE54-9A1E7A4F7556}") = "SimpleLineBot", "SimpleLineBot\SimpleLineBot.csproj", "{B1D1B2DD-16DB-4F67-A031-2B030FF7C84F}"
EndProject
Project("{FAE04EC0-301F-11D3-BF4B-00C04F79EFBC}") = "SimpleLineBot.Core", "SimpleLineBot.Core\SimpleLineBot.Core.csproj", "{BB3E0348-B1CF-43C4-BA99-690DA7BA0853}"
EndProject
Project("{FAE04EC0-301F-11D3-BF4B-00C04F79EFBC}") = "SimpleLineBot.ReplyProcesses.Common", "SimpleLineBot.ReplyProcesses.Common\SimpleLineBot.ReplyProcesses.Common.csproj", "{56634448-3A47-4099-97C4-E7CED4D8250F}"
EndProject
Project("{FAE04EC0-301F-11D3-BF4B-00C04F79EFBC}") = "SimpleLineBot.ReplyProcesses.PttBeauty", "SimpleLineBot.ReplyProcesses.PttBeauty\SimpleLineBot.ReplyProcesses.PttBeauty.csproj", "{EB7F6929-2F9D-4C07-BA43-B0A23F6F9B3D}"
EndProject
Global
	GlobalSection(SolutionConfigurationPlatforms) = preSolution
		Debug|Any CPU = Debug|Any CPU
		Release|Any CPU = Release|Any CPU
	EndGlobalSection
	GlobalSection(ProjectConfigurationPlatforms) = postSolution
		{B1D1B2DD-16DB-4F67-A031-2B030FF7C84F}.Debug|Any CPU.ActiveCfg = Debug|Any CPU
		{B1D1B2DD-16DB-4F67-A031-2B030FF7C84F}.Debug|Any CPU.Build.0 = Debug|Any CPU
		{B1D1B2DD-16DB-4F67-A031-2B030FF7C84F}.Release|Any CPU.ActiveCfg = Release|Any CPU
		{B1D1B2DD-16DB-4F67-A031-2B030FF7C84F}.Release|Any CPU.Build.0 = Release|Any CPU
		{BB3E0348-B1CF-43C4-BA99-690DA7BA0853}.Debug|Any CPU.ActiveCfg = Debug|Any CPU
		{BB3E0348-B1CF-43C4-BA99-690DA7BA0853}.Debug|Any CPU.Build.0 = Debug|Any CPU
		{BB3E0348-B1CF-43C4-BA99-690DA7BA0853}.Release|Any CPU.ActiveCfg = Release|Any CPU
		{BB3E0348-B1CF-43C4-BA99-690DA7BA0853}.Release|Any CPU.Build.0 = Release|Any CPU
		{56634448-3A47-4099-97C4-E7CED4D8250F}.Debug|Any CPU.ActiveCfg = Debug|Any CPU
		{56634448-3A47-4099-97C4-E7CED4D8250F}.Debug|Any CPU.Build.0 = Debug|Any CPU
		{56634448-3A47-4099-97C4-E7CED4D8250F}.Release|Any CPU.ActiveCfg = Release|Any CPU
		{56634448-3A47-4099-97C4-E7CED4D8250F}.Release|Any CPU.Build.0 = Release|Any CPU
		{EB7F6929-2F9D-4C07-BA43-B0A23F6F9B3D}.Debug|Any CPU.ActiveCfg = Debug|Any CPU
		{EB7F6929-2F9D-4C07-BA43-B0A23F6F9B3D}.Debug|Any CPU.Build.0 = Debug|Any CPU
		{EB7F6929-2F9D-4C07-BA43-B0A23F6F9B3D}.Release|Any CPU.ActiveCfg = Release|Any CPU
		{EB7F6929-2F9D-4C07-BA43-B0A23F6F9B3D}.Release|Any CPU.Build.0 = Release|Any CPU
	EndGlobalSection
	GlobalSection(SolutionProperties) = preSolution
		HideSolutionNode = FALSE
	EndGlobalSection
	GlobalSection(ExtensibilityGlobals) = postSolution
		SolutionGuid = {1E8E265F-35D5-42C3-B209-3DAB7358EE06}
	EndGlobalSection
EndGlobal
