
Microsoft Visual Studio Solution File, Format Version 12.00
# Visual Studio 15
VisualStudioVersion = 15.0.27428.2037
MinimumVisualStudioVersion = 10.0.40219.1
Project("{9A19103F-16F7-4668-BE54-9A1E7A4F7556}") = "SimpleLineBot", "SimpleLineBot\SimpleLineBot.csproj", "{B1D1B2DD-16DB-4F67-A031-2B030FF7C84F}"
EndProject
Project("{9A19103F-16F7-4668-BE54-9A1E7A4F7556}") = "SimpleLineBot.Core", "SimpleLineBot.Core\SimpleLineBot.Core.csproj", "{BB3E0348-B1CF-43C4-BA99-690DA7BA0853}"
EndProject
Project("{9A19103F-16F7-4668-BE54-9A1E7A4F7556}") = "SimpleLineBot.ReplyModules.Common", "SimpleLineBot.ReplyModules.Common\SimpleLineBot.ReplyModules.Common.csproj", "{03E94BD1-E92E-4253-A9A9-FC1A86896AAB}"
EndProject
Project("{9A19103F-16F7-4668-BE54-9A1E7A4F7556}") = "SimpleLineBot.ReplyModules.PttBeauty", "SimpleLineBot.ReplyModules.PttBeauty\SimpleLineBot.ReplyModules.PttBeauty.csproj", "{80DF2A9C-CE41-4097-9CBD-4E95A3421A5A}"
EndProject
Project("{E53339B2-1760-4266-BCC7-CA923CBCF16C}") = "docker-compose", "docker-compose.dcproj", "{1297F390-9C98-43CE-9D7B-00CFD230A92C}"
EndProject
Project("{FAE04EC0-301F-11D3-BF4B-00C04F79EFBC}") = "SimpleLineBot.ReplyModules.GitHubCI", "SimpleLineBot.ReplyModules.GitHubCI\SimpleLineBot.ReplyModules.GitHubCI.csproj", "{66F92262-CC60-4150-84FA-CBB0AEA70DD4}"
EndProject
Global
	GlobalSection(SolutionConfigurationPlatforms) = preSolution
		Debug|Any CPU = Debug|Any CPU
		Release|Any CPU = Release|Any CPU
	EndGlobalSection
	GlobalSection(ProjectConfigurationPlatforms) = postSolution
		{B1D1B2DD-16DB-4F67-A031-2B030FF7C84F}.Debug|Any CPU.ActiveCfg = Debug|Any CPU
		{B1D1B2DD-16DB-4F67-A031-2B030FF7C84F}.Debug|Any CPU.Build.0 = Debug|Any CPU
		{B1D1B2DD-16DB-4F67-A031-2B030FF7C84F}.Release|Any CPU.ActiveCfg = Release|Any CPU
		{B1D1B2DD-16DB-4F67-A031-2B030FF7C84F}.Release|Any CPU.Build.0 = Release|Any CPU
		{BB3E0348-B1CF-43C4-BA99-690DA7BA0853}.Debug|Any CPU.ActiveCfg = Debug|Any CPU
		{BB3E0348-B1CF-43C4-BA99-690DA7BA0853}.Debug|Any CPU.Build.0 = Debug|Any CPU
		{BB3E0348-B1CF-43C4-BA99-690DA7BA0853}.Release|Any CPU.ActiveCfg = Release|Any CPU
		{BB3E0348-B1CF-43C4-BA99-690DA7BA0853}.Release|Any CPU.Build.0 = Release|Any CPU
		{03E94BD1-E92E-4253-A9A9-FC1A86896AAB}.Debug|Any CPU.ActiveCfg = Debug|Any CPU
		{03E94BD1-E92E-4253-A9A9-FC1A86896AAB}.Debug|Any CPU.Build.0 = Debug|Any CPU
		{03E94BD1-E92E-4253-A9A9-FC1A86896AAB}.Release|Any CPU.ActiveCfg = Release|Any CPU
		{03E94BD1-E92E-4253-A9A9-FC1A86896AAB}.Release|Any CPU.Build.0 = Release|Any CPU
		{80DF2A9C-CE41-4097-9CBD-4E95A3421A5A}.Debug|Any CPU.ActiveCfg = Debug|Any CPU
		{80DF2A9C-CE41-4097-9CBD-4E95A3421A5A}.Debug|Any CPU.Build.0 = Debug|Any CPU
		{80DF2A9C-CE41-4097-9CBD-4E95A3421A5A}.Release|Any CPU.ActiveCfg = Release|Any CPU
		{80DF2A9C-CE41-4097-9CBD-4E95A3421A5A}.Release|Any CPU.Build.0 = Release|Any CPU
		{1297F390-9C98-43CE-9D7B-00CFD230A92C}.Debug|Any CPU.ActiveCfg = Debug|Any CPU
		{1297F390-9C98-43CE-9D7B-00CFD230A92C}.Debug|Any CPU.Build.0 = Debug|Any CPU
		{1297F390-9C98-43CE-9D7B-00CFD230A92C}.Release|Any CPU.ActiveCfg = Release|Any CPU
		{1297F390-9C98-43CE-9D7B-00CFD230A92C}.Release|Any CPU.Build.0 = Release|Any CPU
		{66F92262-CC60-4150-84FA-CBB0AEA70DD4}.Debug|Any CPU.ActiveCfg = Debug|Any CPU
		{66F92262-CC60-4150-84FA-CBB0AEA70DD4}.Debug|Any CPU.Build.0 = Debug|Any CPU
		{66F92262-CC60-4150-84FA-CBB0AEA70DD4}.Release|Any CPU.ActiveCfg = Release|Any CPU
		{66F92262-CC60-4150-84FA-CBB0AEA70DD4}.Release|Any CPU.Build.0 = Release|Any CPU
	EndGlobalSection
	GlobalSection(SolutionProperties) = preSolution
		HideSolutionNode = FALSE
	EndGlobalSection
	GlobalSection(ExtensibilityGlobals) = postSolution
		SolutionGuid = {1E8E265F-35D5-42C3-B209-3DAB7358EE06}
	EndGlobalSection
EndGlobal
